// !$*UTF8*$!
{
	archiveVersion = 1;
	classes = {
	};
	objectVersion = 46;
	objects = {

/* Begin PBXBuildFile section */
		7708E9EB1BFD5D0E00CABA1C /* ColumnReusableView.m in Sources */ = {isa = PBXBuildFile; fileRef = 7708E9EA1BFD5D0E00CABA1C /* ColumnReusableView.m */; };
		7708E9ED1BFD759A00CABA1C /* delete.png in Resources */ = {isa = PBXBuildFile; fileRef = 7708E9EC1BFD759A00CABA1C /* delete.png */; };
		77E8D0281BFC4F5F00D178C3 /* main.m in Sources */ = {isa = PBXBuildFile; fileRef = 77E8D0271BFC4F5F00D178C3 /* main.m */; };
		77E8D02B1BFC4F5F00D178C3 /* AppDelegate.m in Sources */ = {isa = PBXBuildFile; fileRef = 77E8D02A1BFC4F5F00D178C3 /* AppDelegate.m */; };
		77E8D02E1BFC4F5F00D178C3 /* ViewController.m in Sources */ = {isa = PBXBuildFile; fileRef = 77E8D02D1BFC4F5F00D178C3 /* ViewController.m */; };
		77E8D0311BFC4F5F00D178C3 /* Main.storyboard in Resources */ = {isa = PBXBuildFile; fileRef = 77E8D02F1BFC4F5F00D178C3 /* Main.storyboard */; };
		77E8D0331BFC4F5F00D178C3 /* Assets.xcassets in Resources */ = {isa = PBXBuildFile; fileRef = 77E8D0321BFC4F5F00D178C3 /* Assets.xcassets */; };
		77E8D0361BFC4F5F00D178C3 /* LaunchScreen.storyboard in Resources */ = {isa = PBXBuildFile; fileRef = 77E8D0341BFC4F5F00D178C3 /* LaunchScreen.storyboard */; };
		77E8D0411BFC4F5F00D178C3 /* ColumnUITests.m in Sources */ = {isa = PBXBuildFile; fileRef = 77E8D0401BFC4F5F00D178C3 /* ColumnUITests.m */; };
		77E8D04E1BFC508B00D178C3 /* ColumnViewController.m in Sources */ = {isa = PBXBuildFile; fileRef = 77E8D04D1BFC508B00D178C3 /* ColumnViewController.m */; };
		77E8D0511BFC54DC00D178C3 /* CoclumnCollectionViewCell.m in Sources */ = {isa = PBXBuildFile; fileRef = 77E8D0501BFC54DC00D178C3 /* CoclumnCollectionViewCell.m */; };
/* End PBXBuildFile section */

/* Begin PBXContainerItemProxy section */
		77E8D03D1BFC4F5F00D178C3 /* PBXContainerItemProxy */ = {
			isa = PBXContainerItemProxy;
			containerPortal = 77E8D01B1BFC4F5F00D178C3 /* Project object */;
			proxyType = 1;
			remoteGlobalIDString = 77E8D0221BFC4F5F00D178C3;
			remoteInfo = Column;
		};
/* End PBXContainerItemProxy section */

/* Begin PBXFileReference section */
		7708E9E91BFD5D0E00CABA1C /* ColumnReusableView.h */ = {isa = PBXFileReference; fileEncoding = 4; lastKnownFileType = sourcecode.c.h; path = ColumnReusableView.h; sourceTree = "<group>"; };
		7708E9EA1BFD5D0E00CABA1C /* ColumnReusableView.m */ = {isa = PBXFileReference; fileEncoding = 4; lastKnownFileType = sourcecode.c.objc; path = ColumnReusableView.m; sourceTree = "<group>"; };
		7708E9EC1BFD759A00CABA1C /* delete.png */ = {isa = PBXFileReference; lastKnownFileType = image.png; path = delete.png; sourceTree = "<group>"; };
		77E8D0231BFC4F5F00D178C3 /* Column.app */ = {isa = PBXFileReference; explicitFileType = wrapper.application; includeInIndex = 0; path = Column.app; sourceTree = BUILT_PRODUCTS_DIR; };
		77E8D0271BFC4F5F00D178C3 /* main.m */ = {isa = PBXFileReference; lastKnownFileType = sourcecode.c.objc; path = main.m; sourceTree = "<group>"; };
		77E8D0291BFC4F5F00D178C3 /* AppDelegate.h */ = {isa = PBXFileReference; lastKnownFileType = sourcecode.c.h; path = AppDelegate.h; sourceTree = "<group>"; };
		77E8D02A1BFC4F5F00D178C3 /* AppDelegate.m */ = {isa = PBXFileReference; lastKnownFileType = sourcecode.c.objc; path = AppDelegate.m; sourceTree = "<group>"; };
		77E8D02C1BFC4F5F00D178C3 /* ViewController.h */ = {isa = PBXFileReference; lastKnownFileType = sourcecode.c.h; path = ViewController.h; sourceTree = "<group>"; };
		77E8D02D1BFC4F5F00D178C3 /* ViewController.m */ = {isa = PBXFileReference; lastKnownFileType = sourcecode.c.objc; path = ViewController.m; sourceTree = "<group>"; };
		77E8D0301BFC4F5F00D178C3 /* Base */ = {isa = PBXFileReference; lastKnownFileType = file.storyboard; name = Base; path = Base.lproj/Main.storyboard; sourceTree = "<group>"; };
		77E8D0321BFC4F5F00D178C3 /* Assets.xcassets */ = {isa = PBXFileReference; lastKnownFileType = folder.assetcatalog; path = Assets.xcassets; sourceTree = "<group>"; };
		77E8D0351BFC4F5F00D178C3 /* Base */ = {isa = PBXFileReference; lastKnownFileType = file.storyboard; name = Base; path = Base.lproj/LaunchScreen.storyboard; sourceTree = "<group>"; };
		77E8D0371BFC4F5F00D178C3 /* Info.plist */ = {isa = PBXFileReference; lastKnownFileType = text.plist.xml; path = Info.plist; sourceTree = "<group>"; };
		77E8D03C1BFC4F5F00D178C3 /* ColumnUITests.xctest */ = {isa = PBXFileReference; explicitFileType = wrapper.cfbundle; includeInIndex = 0; path = ColumnUITests.xctest; sourceTree = BUILT_PRODUCTS_DIR; };
		77E8D0401BFC4F5F00D178C3 /* ColumnUITests.m */ = {isa = PBXFileReference; lastKnownFileType = sourcecode.c.objc; path = ColumnUITests.m; sourceTree = "<group>"; };
		77E8D0421BFC4F5F00D178C3 /* Info.plist */ = {isa = PBXFileReference; lastKnownFileType = text.plist.xml; path = Info.plist; sourceTree = "<group>"; };
		77E8D04C1BFC508B00D178C3 /* ColumnViewController.h */ = {isa = PBXFileReference; fileEncoding = 4; lastKnownFileType = sourcecode.c.h; path = ColumnViewController.h; sourceTree = "<group>"; };
		77E8D04D1BFC508B00D178C3 /* ColumnViewController.m */ = {isa = PBXFileReference; fileEncoding = 4; indentWidth = 3; lastKnownFileType = sourcecode.c.objc; path = ColumnViewController.m; sourceTree = "<group>"; };
		77E8D04F1BFC54DC00D178C3 /* CoclumnCollectionViewCell.h */ = {isa = PBXFileReference; fileEncoding = 4; lastKnownFileType = sourcecode.c.h; path = CoclumnCollectionViewCell.h; sourceTree = "<group>"; };
		77E8D0501BFC54DC00D178C3 /* CoclumnCollectionViewCell.m */ = {isa = PBXFileReference; fileEncoding = 4; lastKnownFileType = sourcecode.c.objc; path = CoclumnCollectionViewCell.m; sourceTree = "<group>"; };
		77E8D0521BFC73BC00D178C3 /* Header.h */ = {isa = PBXFileReference; lastKnownFileType = sourcecode.c.h; path = Header.h; sourceTree = "<group>"; };
/* End PBXFileReference section */

/* Begin PBXFrameworksBuildPhase section */
		77E8D0201BFC4F5F00D178C3 /* Frameworks */ = {
			isa = PBXFrameworksBuildPhase;
			buildActionMask = 2147483647;
			files = (
			);
			runOnlyForDeploymentPostprocessing = 0;
		};
		77E8D0391BFC4F5F00D178C3 /* Frameworks */ = {
			isa = PBXFrameworksBuildPhase;
			buildActionMask = 2147483647;
			files = (
			);
			runOnlyForDeploymentPostprocessing = 0;
		};
/* End PBXFrameworksBuildPhase section */

/* Begin PBXGroup section */
		77E8D01A1BFC4F5F00D178C3 = {
			isa = PBXGroup;
			children = (
				77E8D0251BFC4F5F00D178C3 /* Column */,
				77E8D03F1BFC4F5F00D178C3 /* ColumnUITests */,
				77E8D0241BFC4F5F00D178C3 /* Products */,
			);
			sourceTree = "<group>";
		};
		77E8D0241BFC4F5F00D178C3 /* Products */ = {
			isa = PBXGroup;
			children = (
				77E8D0231BFC4F5F00D178C3 /* Column.app */,
				77E8D03C1BFC4F5F00D178C3 /* ColumnUITests.xctest */,
			);
			name = Products;
			sourceTree = "<group>";
		};
		77E8D0251BFC4F5F00D178C3 /* Column */ = {
			isa = PBXGroup;
			children = (
				77E8D04B1BFC4FF000D178C3 /* Column */,
				77E8D0291BFC4F5F00D178C3 /* AppDelegate.h */,
				77E8D02A1BFC4F5F00D178C3 /* AppDelegate.m */,
				77E8D02C1BFC4F5F00D178C3 /* ViewController.h */,
				77E8D02D1BFC4F5F00D178C3 /* ViewController.m */,
				77E8D02F1BFC4F5F00D178C3 /* Main.storyboard */,
				77E8D0321BFC4F5F00D178C3 /* Assets.xcassets */,
				77E8D0341BFC4F5F00D178C3 /* LaunchScreen.storyboard */,
				77E8D0371BFC4F5F00D178C3 /* Info.plist */,
				77E8D0261BFC4F5F00D178C3 /* Supporting Files */,
			);
			path = Column;
			sourceTree = "<group>";
		};
		77E8D0261BFC4F5F00D178C3 /* Supporting Files */ = {
			isa = PBXGroup;
			children = (
				77E8D0271BFC4F5F00D178C3 /* main.m */,
			);
			name = "Supporting Files";
			sourceTree = "<group>";
		};
		77E8D03F1BFC4F5F00D178C3 /* ColumnUITests */ = {
			isa = PBXGroup;
			children = (
				77E8D0401BFC4F5F00D178C3 /* ColumnUITests.m */,
				77E8D0421BFC4F5F00D178C3 /* Info.plist */,
			);
			path = ColumnUITests;
			sourceTree = "<group>";
		};
		77E8D04B1BFC4FF000D178C3 /* Column */ = {
			isa = PBXGroup;
			children = (
				7708E9EC1BFD759A00CABA1C /* delete.png */,
				77E8D04C1BFC508B00D178C3 /* ColumnViewController.h */,
				77E8D04D1BFC508B00D178C3 /* ColumnViewController.m */,
				77E8D04F1BFC54DC00D178C3 /* CoclumnCollectionViewCell.h */,
				77E8D0501BFC54DC00D178C3 /* CoclumnCollectionViewCell.m */,
				7708E9E91BFD5D0E00CABA1C /* ColumnReusableView.h */,
				7708E9EA1BFD5D0E00CABA1C /* ColumnReusableView.m */,
				77E8D0521BFC73BC00D178C3 /* Header.h */,
			);
			path = Column;
			sourceTree = "<group>";
		};
/* End PBXGroup section */

/* Begin PBXNativeTarget section */
		77E8D0221BFC4F5F00D178C3 /* Column */ = {
			isa = PBXNativeTarget;
			buildConfigurationList = 77E8D0451BFC4F5F00D178C3 /* Build configuration list for PBXNativeTarget "Column" */;
			buildPhases = (
				77E8D01F1BFC4F5F00D178C3 /* Sources */,
				77E8D0201BFC4F5F00D178C3 /* Frameworks */,
				77E8D0211BFC4F5F00D178C3 /* Resources */,
			);
			buildRules = (
			);
			dependencies = (
			);
			name = Column;
			productName = Column;
			productReference = 77E8D0231BFC4F5F00D178C3 /* Column.app */;
			productType = "com.apple.product-type.application";
		};
		77E8D03B1BFC4F5F00D178C3 /* ColumnUITests */ = {
			isa = PBXNativeTarget;
			buildConfigurationList = 77E8D0481BFC4F5F00D178C3 /* Build configuration list for PBXNativeTarget "ColumnUITests" */;
			buildPhases = (
				77E8D0381BFC4F5F00D178C3 /* Sources */,
				77E8D0391BFC4F5F00D178C3 /* Frameworks */,
				77E8D03A1BFC4F5F00D178C3 /* Resources */,
			);
			buildRules = (
			);
			dependencies = (
				77E8D03E1BFC4F5F00D178C3 /* PBXTargetDependency */,
			);
			name = ColumnUITests;
			productName = ColumnUITests;
			productReference = 77E8D03C1BFC4F5F00D178C3 /* ColumnUITests.xctest */;
			productType = "com.apple.product-type.bundle.ui-testing";
		};
/* End PBXNativeTarget section */

/* Begin PBXProject section */
		77E8D01B1BFC4F5F00D178C3 /* Project object */ = {
			isa = PBXProject;
			attributes = {
				LastUpgradeCheck = 0710;
				ORGANIZATIONNAME = fujin;
				TargetAttributes = {
					77E8D0221BFC4F5F00D178C3 = {
						CreatedOnToolsVersion = 7.1;
					};
					77E8D03B1BFC4F5F00D178C3 = {
						CreatedOnToolsVersion = 7.1;
						TestTargetID = 77E8D0221BFC4F5F00D178C3;
					};
				};
			};
			buildConfigurationList = 77E8D01E1BFC4F5F00D178C3 /* Build configuration list for PBXProject "Column" */;
			compatibilityVersion = "Xcode 3.2";
			developmentRegion = English;
			hasScannedForEncodings = 0;
			knownRegions = (
				en,
				Base,
			);
			mainGroup = 77E8D01A1BFC4F5F00D178C3;
			productRefGroup = 77E8D0241BFC4F5F00D178C3 /* Products */;
			projectDirPath = "";
			projectRoot = "";
			targets = (
				77E8D0221BFC4F5F00D178C3 /* Column */,
				77E8D03B1BFC4F5F00D178C3 /* ColumnUITests */,
			);
		};
/* End PBXProject section */

/* Begin PBXResourcesBuildPhase section */
		77E8D0211BFC4F5F00D178C3 /* Resources */ = {
			isa = PBXResourcesBuildPhase;
			buildActionMask = 2147483647;
			files = (
				7708E9ED1BFD759A00CABA1C /* delete.png in Resources */,
				77E8D0361BFC4F5F00D178C3 /* LaunchScreen.storyboard in Resources */,
				77E8D0331BFC4F5F00D178C3 /* Assets.xcassets in Resources */,
				77E8D0311BFC4F5F00D178C3 /* Main.storyboard in Resources */,
			);
			runOnlyForDeploymentPostprocessing = 0;
		};
		77E8D03A1BFC4F5F00D178C3 /* Resources */ = {
			isa = PBXResourcesBuildPhase;
			buildActionMask = 2147483647;
			files = (
			);
			runOnlyForDeploymentPostprocessing = 0;
		};
/* End PBXResourcesBuildPhase section */

/* Begin PBXSourcesBuildPhase section */
		77E8D01F1BFC4F5F00D178C3 /* Sources */ = {
			isa = PBXSourcesBuildPhase;
			buildActionMask = 2147483647;
			files = (
				77E8D02E1BFC4F5F00D178C3 /* ViewController.m in Sources */,
				7708E9EB1BFD5D0E00CABA1C /* ColumnReusableView.m in Sources */,
				77E8D02B1BFC4F5F00D178C3 /* AppDelegate.m in Sources */,
				77E8D0511BFC54DC00D178C3 /* CoclumnCollectionViewCell.m in Sources */,
				77E8D04E1BFC508B00D178C3 /* ColumnViewController.m in Sources */,
				77E8D0281BFC4F5F00D178C3 /* main.m in Sources */,
			);
			runOnlyForDeploymentPostprocessing = 0;
		};
		77E8D0381BFC4F5F00D178C3 /* Sources */ = {
			isa = PBXSourcesBuildPhase;
			buildActionMask = 2147483647;
			files = (
				77E8D0411BFC4F5F00D178C3 /* ColumnUITests.m in Sources */,
			);
			runOnlyForDeploymentPostprocessing = 0;
		};
/* End PBXSourcesBuildPhase section */

/* Begin PBXTargetDependency section */
		77E8D03E1BFC4F5F00D178C3 /* PBXTargetDependency */ = {
			isa = PBXTargetDependency;
			target = 77E8D0221BFC4F5F00D178C3 /* Column */;
			targetProxy = 77E8D03D1BFC4F5F00D178C3 /* PBXContainerItemProxy */;
		};
/* End PBXTargetDependency section */

/* Begin PBXVariantGroup section */
		77E8D02F1BFC4F5F00D178C3 /* Main.storyboard */ = {
			isa = PBXVariantGroup;
			children = (
				77E8D0301BFC4F5F00D178C3 /* Base */,
			);
			name = Main.storyboard;
			sourceTree = "<group>";
		};
		77E8D0341BFC4F5F00D178C3 /* LaunchScreen.storyboard */ = {
			isa = PBXVariantGroup;
			children = (
				77E8D0351BFC4F5F00D178C3 /* Base */,
			);
			name = LaunchScreen.storyboard;
			sourceTree = "<group>";
		};
/* End PBXVariantGroup section */

/* Begin XCBuildConfiguration section */
		77E8D0431BFC4F5F00D178C3 /* Debug */ = {
			isa = XCBuildConfiguration;
			buildSettings = {
				ALWAYS_SEARCH_USER_PATHS = NO;
				CLANG_CXX_LANGUAGE_STANDARD = "gnu++0x";
				CLANG_CXX_LIBRARY = "libc++";
				CLANG_ENABLE_MODULES = YES;
				CLANG_ENABLE_OBJC_ARC = YES;
				CLANG_WARN_BOOL_CONVERSION = YES;
				CLANG_WARN_CONSTANT_CONVERSION = YES;
				CLANG_WARN_DIRECT_OBJC_ISA_USAGE = YES_ERROR;
				CLANG_WARN_EMPTY_BODY = YES;
				CLANG_WARN_ENUM_CONVERSION = YES;
				CLANG_WARN_INT_CONVERSION = YES;
				CLANG_WARN_OBJC_ROOT_CLASS = YES_ERROR;
				CLANG_WARN_UNREACHABLE_CODE = YES;
				CLANG_WARN__DUPLICATE_METHOD_MATCH = YES;
				"CODE_SIGN_IDENTITY[sdk=iphoneos*]" = "iPhone Developer";
				COPY_PHASE_STRIP = NO;
				DEBUG_INFORMATION_FORMAT = dwarf;
				ENABLE_STRICT_OBJC_MSGSEND = YES;
				ENABLE_TESTABILITY = YES;
				GCC_C_LANGUAGE_STANDARD = gnu99;
				GCC_DYNAMIC_NO_PIC = NO;
				GCC_NO_COMMON_BLOCKS = YES;
				GCC_OPTIMIZATION_LEVEL = 0;
				GCC_PREPROCESSOR_DEFINITIONS = (
					"DEBUG=1",
					"$(inherited)",
				);
				GCC_WARN_64_TO_32_BIT_CONVERSION = YES;
				GCC_WARN_ABOUT_RETURN_TYPE = YES_ERROR;
				GCC_WARN_UNDECLARED_SELECTOR = YES;
				GCC_WARN_UNINITIALIZED_AUTOS = YES_AGGRESSIVE;
				GCC_WARN_UNUSED_FUNCTION = YES;
				GCC_WARN_UNUSED_VARIABLE = YES;
				IPHONEOS_DEPLOYMENT_TARGET = 9.1;
				MTL_ENABLE_DEBUG_INFO = YES;
				ONLY_ACTIVE_ARCH = YES;
				SDKROOT = iphoneos;
			};
			name = Debug;
		};
		77E8D0441BFC4F5F00D178C3 /* Release */ = {
			isa = XCBuildConfiguration;
			buildSettings = {
				ALWAYS_SEARCH_USER_PATHS = NO;
				CLANG_CXX_LANGUAGE_STANDARD = "gnu++0x";
				CLANG_CXX_LIBRARY = "libc++";
				CLANG_ENABLE_MODULES = YES;
				CLANG_ENABLE_OBJC_ARC = YES;
				CLANG_WARN_BOOL_CONVERSION = YES;
				CLANG_WARN_CONSTANT_CONVERSION = YES;
				CLANG_WARN_DIRECT_OBJC_ISA_USAGE = YES_ERROR;
				CLANG_WARN_EMPTY_BODY = YES;
				CLANG_WARN_ENUM_CONVERSION = YES;
				CLANG_WARN_INT_CONVERSION = YES;
				CLANG_WARN_OBJC_ROOT_CLASS = YES_ERROR;
				CLANG_WARN_UNREACHABLE_CODE = YES;
				CLANG_WARN__DUPLICATE_METHOD_MATCH = YES;
				"CODE_SIGN_IDENTITY[sdk=iphoneos*]" = "iPhone Developer";
				COPY_PHASE_STRIP = NO;
				DEBUG_INFORMATION_FORMAT = "dwarf-with-dsym";
				ENABLE_NS_ASSERTIONS = NO;
				ENABLE_STRICT_OBJC_MSGSEND = YES;
				GCC_C_LANGUAGE_STANDARD = gnu99;
				GCC_NO_COMMON_BLOCKS = YES;
				GCC_WARN_64_TO_32_BIT_CONVERSION = YES;
				GCC_WARN_ABOUT_RETURN_TYPE = YES_ERROR;
				GCC_WARN_UNDECLARED_SELECTOR = YES;
				GCC_WARN_UNINITIALIZED_AUTOS = YES_AGGRESSIVE;
				GCC_WARN_UNUSED_FUNCTION = YES;
				GCC_WARN_UNUSED_VARIABLE = YES;
				IPHONEOS_DEPLOYMENT_TARGET = 9.1;
				MTL_ENABLE_DEBUG_INFO = NO;
				SDKROOT = iphoneos;
				VALIDATE_PRODUCT = YES;
			};
			name = Release;
		};
		77E8D0461BFC4F5F00D178C3 /* Debug */ = {
			isa = XCBuildConfiguration;
			buildSettings = {
				ASSETCATALOG_COMPILER_APPICON_NAME = AppIcon;
				INFOPLIST_FILE = Column/Info.plist;
				LD_RUNPATH_SEARCH_PATHS = "$(inherited) @executable_path/Frameworks";
				ONLY_ACTIVE_ARCH = NO;
				PRODUCT_BUNDLE_IDENTIFIER = com.duzhoumo.dzm.Column;
				PRODUCT_NAME = "$(TARGET_NAME)";
			};
			name = Debug;
		};
		77E8D0471BFC4F5F00D178C3 /* Release */ = {
			isa = XCBuildConfiguration;
			buildSettings = {
				ASSETCATALOG_COMPILER_APPICON_NAME = AppIcon;
				INFOPLIST_FILE = Column/Info.plist;
				LD_RUNPATH_SEARCH_PATHS = "$(inherited) @executable_path/Frameworks";
				ONLY_ACTIVE_ARCH = YES;
				PRODUCT_BUNDLE_IDENTIFIER = com.duzhoumo.dzm.Column;
				PRODUCT_NAME = "$(TARGET_NAME)";
			};
			name = Release;
		};
		77E8D0491BFC4F5F00D178C3 /* Debug */ = {
			isa = XCBuildConfiguration;
			buildSettings = {
				INFOPLIST_FILE = ColumnUITests/Info.plist;
				LD_RUNPATH_SEARCH_PATHS = "$(inherited) @executable_path/Frameworks @loader_path/Frameworks";
				PRODUCT_BUNDLE_IDENTIFIER = com.duzhoumo.dzm.ColumnUITests;
				PRODUCT_NAME = "$(TARGET_NAME)";
				TEST_TARGET_NAME = Column;
				USES_XCTRUNNER = YES;
			};
			name = Debug;
		};
		77E8D04A1BFC4F5F00D178C3 /* Release */ = {
			isa = XCBuildConfiguration;
			buildSettings = {
				INFOPLIST_FILE = ColumnUITests/Info.plist;
				LD_RUNPATH_SEARCH_PATHS = "$(inherited) @executable_path/Frameworks @loader_path/Frameworks";
				PRODUCT_BUNDLE_IDENTIFIER = com.duzhoumo.dzm.ColumnUITests;
				PRODUCT_NAME = "$(TARGET_NAME)";
				TEST_TARGET_NAME = Column;
				USES_XCTRUNNER = YES;
			};
			name = Release;
		};
/* End XCBuildConfiguration section */

/* Begin XCConfigurationList section */
		77E8D01E1BFC4F5F00D178C3 /* Build configuration list for PBXProject "Column" */ = {
			isa = XCConfigurationList;
			buildConfigurations = (
				77E8D0431BFC4F5F00D178C3 /* Debug */,
				77E8D0441BFC4F5F00D178C3 /* Release */,
			);
			defaultConfigurationIsVisible = 0;
			defaultConfigurationName = Release;
		};
		77E8D0451BFC4F5F00D178C3 /* Build configuration list for PBXNativeTarget "Column" */ = {
			isa = XCConfigurationList;
			buildConfigurations = (
				77E8D0461BFC4F5F00D178C3 /* Debug */,
				77E8D0471BFC4F5F00D178C3 /* Release */,
			);
			defaultConfigurationIsVisible = 0;
			defaultConfigurationName = Release;
		};
		77E8D0481BFC4F5F00D178C3 /* Build configuration list for PBXNativeTarget "ColumnUITests" */ = {
			isa = XCConfigurationList;
			buildConfigurations = (
				77E8D0491BFC4F5F00D178C3 /* Debug */,
				77E8D04A1BFC4F5F00D178C3 /* Release */,
			);
			defaultConfigurationIsVisible = 0;
			defaultConfigurationName = Release;
		};
/* End XCConfigurationList section */
	};
	rootObject = 77E8D01B1BFC4F5F00D178C3 /* Project object */;
}
